
Microsoft Visual Studio Solution File, Format Version 12.00
# Visual Studio Version 17
VisualStudioVersion = 17.11.35222.181
MinimumVisualStudioVersion = 10.0.40219.1
Project("{8BC9CEB8-8B4A-11D0-8D11-00A0C91BC942}") = "Project1", "Project1.vcxproj", "{2E97B491-AE39-4956-8DA3-1D5E32F5563D}"
EndProject
Global
	GlobalSection(SolutionConfigurationPlatforms) = preSolution
		Debug|x64 = Debug|x64
		Debug|x86 = Debug|x86
		Release|x64 = Release|x64
		Release|x86 = Release|x86
	EndGlobalSection
	GlobalSection(ProjectConfigurationPlatforms) = postSolution
		{2E97B491-AE39-4956-8DA3-1D5E32F5563D}.Debug|x64.ActiveCfg = Debug|x64
		{2E97B491-AE39-4956-8DA3-1D5E32F5563D}.Debug|x64.Build.0 = Debug|x64
		{2E97B491-AE39-4956-8DA3-1D5E32F5563D}.Debug|x86.ActiveCfg = Debug|Win32
		{2E97B491-AE39-4956-8DA3-1D5E32F5563D}.Debug|x86.Build.0 = Debug|Win32
		{2E97B491-AE39-4956-8DA3-1D5E32F5563D}.Release|x64.ActiveCfg = Release|x64
		{2E97B491-AE39-4956-8DA3-1D5E32F5563D}.Release|x64.Build.0 = Release|x64
		{2E97B491-AE39-4956-8DA3-1D5E32F5563D}.Release|x86.ActiveCfg = Release|Win32
		{2E97B491-AE39-4956-8DA3-1D5E32F5563D}.Release|x86.Build.0 = Release|Win32
	EndGlobalSection
	GlobalSection(SolutionProperties) = preSolution
		HideSolutionNode = FALSE
	EndGlobalSection
	GlobalSection(ExtensibilityGlobals) = postSolution
		SolutionGuid = {181A3CC4-CFBD-4AC9-AD85-C8DE93D6C6FB}
	EndGlobalSection
EndGlobal
